
Microsoft Visual Studio Solution File, Format Version 12.00
# Visual Studio Version 16
VisualStudioVersion = 16.0.31205.134
MinimumVisualStudioVersion = 10.0.40219.1
Project("{FAE04EC0-301F-11D3-BF4B-00C04F79EFBC}") = "TestChatTool.Persistent", "TestChatTool.Persistent\TestChatTool.Persistent.csproj", "{227A17C5-1BA8-4300-ABCD-C318AE6B3E43}"
EndProject
Project("{FAE04EC0-301F-11D3-BF4B-00C04F79EFBC}") = "TestChatTool.Domain", "TestChatTool.Domain\TestChatTool.Domain.csproj", "{BF1A6DC2-DB7A-47B3-A6DD-D791958B40F3}"
EndProject
Global
	GlobalSection(SolutionConfigurationPlatforms) = preSolution
		Debug|Any CPU = Debug|Any CPU
		Release|Any CPU = Release|Any CPU
	EndGlobalSection
	GlobalSection(ProjectConfigurationPlatforms) = postSolution
		{227A17C5-1BA8-4300-ABCD-C318AE6B3E43}.Debug|Any CPU.ActiveCfg = Debug|Any CPU
		{227A17C5-1BA8-4300-ABCD-C318AE6B3E43}.Debug|Any CPU.Build.0 = Debug|Any CPU
		{227A17C5-1BA8-4300-ABCD-C318AE6B3E43}.Release|Any CPU.ActiveCfg = Release|Any CPU
		{227A17C5-1BA8-4300-ABCD-C318AE6B3E43}.Release|Any CPU.Build.0 = Release|Any CPU
		{BF1A6DC2-DB7A-47B3-A6DD-D791958B40F3}.Debug|Any CPU.ActiveCfg = Debug|Any CPU
		{BF1A6DC2-DB7A-47B3-A6DD-D791958B40F3}.Debug|Any CPU.Build.0 = Debug|Any CPU
		{BF1A6DC2-DB7A-47B3-A6DD-D791958B40F3}.Release|Any CPU.ActiveCfg = Release|Any CPU
		{BF1A6DC2-DB7A-47B3-A6DD-D791958B40F3}.Release|Any CPU.Build.0 = Release|Any CPU
	EndGlobalSection
	GlobalSection(SolutionProperties) = preSolution
		HideSolutionNode = FALSE
	EndGlobalSection
	GlobalSection(ExtensibilityGlobals) = postSolution
		SolutionGuid = {76544B62-7BED-4199-9D6D-544AFAA1D389}
	EndGlobalSection
EndGlobal
