
Microsoft Visual Studio Solution File, Format Version 12.00
# Visual Studio Version 16
VisualStudioVersion = 16.0.31205.134
MinimumVisualStudioVersion = 10.0.40219.1
Project("{FAE04EC0-301F-11D3-BF4B-00C04F79EFBC}") = "TestChatTool.Persistent", "TestChatTool.Persistent\TestChatTool.Persistent.csproj", "{227A17C5-1BA8-4300-ABCD-C318AE6B3E43}"
EndProject
Project("{FAE04EC0-301F-11D3-BF4B-00C04F79EFBC}") = "TestChatTool.Domain", "TestChatTool.Domain\TestChatTool.Domain.csproj", "{BF1A6DC2-DB7A-47B3-A6DD-D791958B40F3}"
EndProject
Project("{FAE04EC0-301F-11D3-BF4B-00C04F79EFBC}") = "TestChatTool.Persistent.Tests", "TestChatTool.Persistent.Tests\TestChatTool.Persistent.Tests.csproj", "{F2067169-EF82-4A0C-9695-182A28E6BB9B}"
EndProject
Project("{FAE04EC0-301F-11D3-BF4B-00C04F79EFBC}") = "TestChatTool.Service", "TestChatTool.Service\TestChatTool.Service.csproj", "{B4F71386-C96B-4A7E-91F9-4C5ACA542B43}"
EndProject
Project("{FAE04EC0-301F-11D3-BF4B-00C04F79EFBC}") = "TestChatTool.Service.Tests", "TestChatTool.Service.Tests\TestChatTool.Service.Tests.csproj", "{3A3E7DFA-3005-4A70-B242-29C9775E8E2B}"
EndProject
Project("{FAE04EC0-301F-11D3-BF4B-00C04F79EFBC}") = "TestChatTool.UI", "TestChatTool.UI\TestChatTool.UI.csproj", "{8703155C-E1D8-41AE-8CB4-A1DA1491B53C}"
EndProject
Project("{FAE04EC0-301F-11D3-BF4B-00C04F79EFBC}") = "TestChatTool.UI.Tests", "TestChatTool.UI.Tests\TestChatTool.UI.Tests.csproj", "{14E1648C-F0E5-4FD4-8482-A3BF9B66B725}"
EndProject
Global
	GlobalSection(SolutionConfigurationPlatforms) = preSolution
		Debug|Any CPU = Debug|Any CPU
		Release|Any CPU = Release|Any CPU
	EndGlobalSection
	GlobalSection(ProjectConfigurationPlatforms) = postSolution
		{227A17C5-1BA8-4300-ABCD-C318AE6B3E43}.Debug|Any CPU.ActiveCfg = Debug|Any CPU
		{227A17C5-1BA8-4300-ABCD-C318AE6B3E43}.Debug|Any CPU.Build.0 = Debug|Any CPU
		{227A17C5-1BA8-4300-ABCD-C318AE6B3E43}.Release|Any CPU.ActiveCfg = Release|Any CPU
		{227A17C5-1BA8-4300-ABCD-C318AE6B3E43}.Release|Any CPU.Build.0 = Release|Any CPU
		{BF1A6DC2-DB7A-47B3-A6DD-D791958B40F3}.Debug|Any CPU.ActiveCfg = Debug|Any CPU
		{BF1A6DC2-DB7A-47B3-A6DD-D791958B40F3}.Debug|Any CPU.Build.0 = Debug|Any CPU
		{BF1A6DC2-DB7A-47B3-A6DD-D791958B40F3}.Release|Any CPU.ActiveCfg = Release|Any CPU
		{BF1A6DC2-DB7A-47B3-A6DD-D791958B40F3}.Release|Any CPU.Build.0 = Release|Any CPU
		{F2067169-EF82-4A0C-9695-182A28E6BB9B}.Debug|Any CPU.ActiveCfg = Debug|Any CPU
		{F2067169-EF82-4A0C-9695-182A28E6BB9B}.Debug|Any CPU.Build.0 = Debug|Any CPU
		{F2067169-EF82-4A0C-9695-182A28E6BB9B}.Release|Any CPU.ActiveCfg = Release|Any CPU
		{F2067169-EF82-4A0C-9695-182A28E6BB9B}.Release|Any CPU.Build.0 = Release|Any CPU
		{B4F71386-C96B-4A7E-91F9-4C5ACA542B43}.Debug|Any CPU.ActiveCfg = Debug|Any CPU
		{B4F71386-C96B-4A7E-91F9-4C5ACA542B43}.Debug|Any CPU.Build.0 = Debug|Any CPU
		{B4F71386-C96B-4A7E-91F9-4C5ACA542B43}.Release|Any CPU.ActiveCfg = Release|Any CPU
		{B4F71386-C96B-4A7E-91F9-4C5ACA542B43}.Release|Any CPU.Build.0 = Release|Any CPU
		{3A3E7DFA-3005-4A70-B242-29C9775E8E2B}.Debug|Any CPU.ActiveCfg = Debug|Any CPU
		{3A3E7DFA-3005-4A70-B242-29C9775E8E2B}.Debug|Any CPU.Build.0 = Debug|Any CPU
		{3A3E7DFA-3005-4A70-B242-29C9775E8E2B}.Release|Any CPU.ActiveCfg = Release|Any CPU
		{3A3E7DFA-3005-4A70-B242-29C9775E8E2B}.Release|Any CPU.Build.0 = Release|Any CPU
		{8703155C-E1D8-41AE-8CB4-A1DA1491B53C}.Debug|Any CPU.ActiveCfg = Debug|Any CPU
		{8703155C-E1D8-41AE-8CB4-A1DA1491B53C}.Debug|Any CPU.Build.0 = Debug|Any CPU
		{8703155C-E1D8-41AE-8CB4-A1DA1491B53C}.Release|Any CPU.ActiveCfg = Release|Any CPU
		{8703155C-E1D8-41AE-8CB4-A1DA1491B53C}.Release|Any CPU.Build.0 = Release|Any CPU
		{14E1648C-F0E5-4FD4-8482-A3BF9B66B725}.Debug|Any CPU.ActiveCfg = Debug|Any CPU
		{14E1648C-F0E5-4FD4-8482-A3BF9B66B725}.Debug|Any CPU.Build.0 = Debug|Any CPU
		{14E1648C-F0E5-4FD4-8482-A3BF9B66B725}.Release|Any CPU.ActiveCfg = Release|Any CPU
		{14E1648C-F0E5-4FD4-8482-A3BF9B66B725}.Release|Any CPU.Build.0 = Release|Any CPU
	EndGlobalSection
	GlobalSection(SolutionProperties) = preSolution
		HideSolutionNode = FALSE
	EndGlobalSection
	GlobalSection(ExtensibilityGlobals) = postSolution
		SolutionGuid = {76544B62-7BED-4199-9D6D-544AFAA1D389}
	EndGlobalSection
EndGlobal
